
Microsoft Visual Studio Solution File, Format Version 12.00
# Visual Studio 15
VisualStudioVersion = 15.0.27130.2027
MinimumVisualStudioVersion = 10.0.40219.1
Project("{2150E333-8FDC-42A3-9474-1A3956D46DE8}") = "Presentation", "Presentation", "{D20874BB-ECF7-420F-8C67-315C11B0BF38}"
EndProject
Project("{2150E333-8FDC-42A3-9474-1A3956D46DE8}") = "Library", "Library", "{A08CBAED-B2EA-4C03-B4F3-40EB5C6AE851}"
EndProject
Project("{2150E333-8FDC-42A3-9474-1A3956D46DE8}") = "Test", "Test", "{3A93D24C-94C7-4736-97A5-DA7EA476C399}"
EndProject
Project("{9A19103F-16F7-4668-BE54-9A1E7A4F7556}") = "fso.Core", "fso.Core\fso.Core.csproj", "{D94E2CE9-93C4-45B5-B75D-A0CC35F0D086}"
EndProject
Project("{9A19103F-16F7-4668-BE54-9A1E7A4F7556}") = "fso.Data", "fso.Data\fso.Data.csproj", "{2B1976A1-2FAB-423F-8B8A-67D3F26D2521}"
EndProject
Project("{2150E333-8FDC-42A3-9474-1A3956D46DE8}") = "Infrastructure", "Infrastructure", "{F9B106D8-7716-4C40-844D-094E1D91B697}"
EndProject
Project("{9A19103F-16F7-4668-BE54-9A1E7A4F7556}") = "fso.Bootstrapper", "fso.Bootstrapper\fso.Bootstrapper.csproj", "{82D90C98-D385-4395-A709-0F544E0D36FB}"
EndProject
Project("{9A19103F-16F7-4668-BE54-9A1E7A4F7556}") = "fso.Services", "fso.Services\fso.Services.csproj", "{1070086F-A4A9-41C4-958A-5CD7E0E0D91F}"
EndProject
Project("{9A19103F-16F7-4668-BE54-9A1E7A4F7556}") = "fso.Api", "fso.Api\fso.Api.csproj", "{10F2710B-82FE-415F-AE9A-741678F8E550}"
EndProject
Project("{9A19103F-16F7-4668-BE54-9A1E7A4F7556}") = "fso.IdentityProvider", "fso.IdentityProvider\fso.IdentityProvider.csproj", "{5F1C02CD-4F09-4A14-8AA3-4090418F4417}"
EndProject
Project("{9A19103F-16F7-4668-BE54-9A1E7A4F7556}") = "fso.IdentityData", "fso.IdentityData\fso.IdentityData.csproj", "{D4F2F9D9-921B-4CF0-A9A4-3D5443092949}"
EndProject
Project("{9A19103F-16F7-4668-BE54-9A1E7A4F7556}") = "fso.DataExtensions", "fso.DataExtensions\fso.DataExtensions.csproj", "{2283B0BF-AC89-4E8D-8123-A835DA236F8D}"
EndProject
Project("{9A19103F-16F7-4668-BE54-9A1E7A4F7556}") = "fso.Caching", "fso.Caching\fso.Caching.csproj", "{2E565643-3CD2-431C-BDB7-3F8745FB04FD}"
EndProject
Project("{2150E333-8FDC-42A3-9474-1A3956D46DE8}") = "ApiLib", "ApiLib", "{A4944781-B368-4E7E-9A1F-F1696AB8E9B4}"
EndProject
Project("{2150E333-8FDC-42A3-9474-1A3956D46DE8}") = "CacheLib", "CacheLib", "{707CC64F-0763-43C4-8BC7-D330C3F2C7D8}"
EndProject
Project("{2150E333-8FDC-42A3-9474-1A3956D46DE8}") = "_Core", "_Core", "{0F0243F5-913C-46FE-BDB3-06EAD0BB314B}"
EndProject
Project("{2150E333-8FDC-42A3-9474-1A3956D46DE8}") = "IdentityProvider", "IdentityProvider", "{AF674978-2B8A-4397-B311-5FBFCEB1E975}"
EndProject
Project("{2150E333-8FDC-42A3-9474-1A3956D46DE8}") = "notificationService", "notificationService", "{1D2D2094-A264-4B77-9F1C-673A31FC01B4}"
EndProject
Project("{9A19103F-16F7-4668-BE54-9A1E7A4F7556}") = "fso.NotificationData", "fso.NotificationData\fso.NotificationData.csproj", "{0FC68CC5-90DE-434A-9304-0C75C4888528}"
EndProject
Project("{9A19103F-16F7-4668-BE54-9A1E7A4F7556}") = "fso.NotificationApi", "fso.NotificationApi\fso.NotificationApi.csproj", "{B421B04A-142D-4C8F-8A59-49FA62AE7627}"
EndProject
Project("{9A19103F-16F7-4668-BE54-9A1E7A4F7556}") = "fso.Search", "fso.Search\fso.Search.csproj", "{B221B04A-142D-4C8F-8A59-45FA62AE7627}"
EndProject
Project("{9A19103F-16F7-4668-BE54-9A1E7A4F7556}") = "fso.EventCore", "fso.EventCore\fso.EventCore.csproj", "{4F298001-B3E4-4D5F-82CA-67FF0612481F}"
EndProject
Project("{9A19103F-16F7-4668-BE54-9A1E7A4F7556}") = "fso.EventBusListener", "fso.EventBusListener\fso.EventBusListener.csproj", "{DB684337-324A-407C-A627-806D5430249E}"
EndProject
Project("{9A19103F-16F7-4668-BE54-9A1E7A4F7556}") = "fso.NotificationBusListener", "fso.NotificationBusListener\fso.NotificationBusListener.csproj", "{28BF5FA6-CCF8-4E3F-8D54-9B49F6EA1A43}"
EndProject
Project("{2150E333-8FDC-42A3-9474-1A3956D46DE8}") = "postService", "postService", "{40FAC87A-349A-47C0-9CC7-7C3A550F0A7B}"
EndProject
Project("{9A19103F-16F7-4668-BE54-9A1E7A4F7556}") = "fso.IdentityBusListener", "fso.IdentityBusListener\fso.IdentityBusListener.csproj", "{5EA39AE8-E96C-45DA-A012-87EF06EC10AA}"
EndProject
Project("{2150E333-8FDC-42A3-9474-1A3956D46DE8}") = "Web", "Web", "{840DDFA6-AC27-4C8A-85A3-4370AA6A5205}"
EndProject
Project("{9A19103F-16F7-4668-BE54-9A1E7A4F7556}") = "fso.Settings", "fso.Settings\fso.Settings.csproj", "{FF37967B-F38F-4F17-9226-08710A0DCE7C}"
EndProject
Project("{2150E333-8FDC-42A3-9474-1A3956D46DE8}") = "Media", "Media", "{CDE4FFC7-D717-44EF-8036-523F624A17CB}"
EndProject
Project("{2150E333-8FDC-42A3-9474-1A3956D46DE8}") = "StatisticsService", "StatisticsService", "{C36D8F92-AC9B-4144-8D7A-FBFCDB9AC47D}"
EndProject
Project("{9A19103F-16F7-4668-BE54-9A1E7A4F7556}") = "fso.StatisticsService", "fso.StatisticsService\fso.StatisticsService.csproj", "{BD92DEC3-2695-416C-9139-C2D7B5C6F76E}"
EndProject
Project("{9A19103F-16F7-4668-BE54-9A1E7A4F7556}") = "fso.StatisticsData", "fso.StatisticsData\fso.StatisticsData.csproj", "{7B2481A9-856F-453B-8BF3-FDA4C08AA634}"
EndProject
Project("{2150E333-8FDC-42A3-9474-1A3956D46DE8}") = "mediaFileProvider", "mediaFileProvider", "{B9459BC9-1D89-4DAA-8D7D-DC78006A5050}"
EndProject
Project("{9A19103F-16F7-4668-BE54-9A1E7A4F7556}") = "fso.AppMediaProvider", "fso.AppMediaProvider\fso.AppMediaProvider.csproj", "{05DBFFB4-FB02-431D-8370-B4414CD4B42E}"
EndProject
Global
	GlobalSection(SolutionConfigurationPlatforms) = preSolution
		Debug|Any CPU = Debug|Any CPU
		Release|Any CPU = Release|Any CPU
	EndGlobalSection
	GlobalSection(ProjectConfigurationPlatforms) = postSolution
		{D94E2CE9-93C4-45B5-B75D-A0CC35F0D086}.Debug|Any CPU.ActiveCfg = Debug|Any CPU
		{D94E2CE9-93C4-45B5-B75D-A0CC35F0D086}.Debug|Any CPU.Build.0 = Debug|Any CPU
		{D94E2CE9-93C4-45B5-B75D-A0CC35F0D086}.Release|Any CPU.ActiveCfg = Release|Any CPU
		{D94E2CE9-93C4-45B5-B75D-A0CC35F0D086}.Release|Any CPU.Build.0 = Release|Any CPU
		{2B1976A1-2FAB-423F-8B8A-67D3F26D2521}.Debug|Any CPU.ActiveCfg = Debug|Any CPU
		{2B1976A1-2FAB-423F-8B8A-67D3F26D2521}.Debug|Any CPU.Build.0 = Debug|Any CPU
		{2B1976A1-2FAB-423F-8B8A-67D3F26D2521}.Release|Any CPU.ActiveCfg = Release|Any CPU
		{2B1976A1-2FAB-423F-8B8A-67D3F26D2521}.Release|Any CPU.Build.0 = Release|Any CPU
		{82D90C98-D385-4395-A709-0F544E0D36FB}.Debug|Any CPU.ActiveCfg = Debug|Any CPU
		{82D90C98-D385-4395-A709-0F544E0D36FB}.Debug|Any CPU.Build.0 = Debug|Any CPU
		{82D90C98-D385-4395-A709-0F544E0D36FB}.Release|Any CPU.ActiveCfg = Release|Any CPU
		{82D90C98-D385-4395-A709-0F544E0D36FB}.Release|Any CPU.Build.0 = Release|Any CPU
		{1070086F-A4A9-41C4-958A-5CD7E0E0D91F}.Debug|Any CPU.ActiveCfg = Debug|Any CPU
		{1070086F-A4A9-41C4-958A-5CD7E0E0D91F}.Debug|Any CPU.Build.0 = Debug|Any CPU
		{1070086F-A4A9-41C4-958A-5CD7E0E0D91F}.Release|Any CPU.ActiveCfg = Release|Any CPU
		{1070086F-A4A9-41C4-958A-5CD7E0E0D91F}.Release|Any CPU.Build.0 = Release|Any CPU
		{10F2710B-82FE-415F-AE9A-741678F8E550}.Debug|Any CPU.ActiveCfg = Debug|Any CPU
		{10F2710B-82FE-415F-AE9A-741678F8E550}.Debug|Any CPU.Build.0 = Debug|Any CPU
		{10F2710B-82FE-415F-AE9A-741678F8E550}.Release|Any CPU.ActiveCfg = Release|Any CPU
		{10F2710B-82FE-415F-AE9A-741678F8E550}.Release|Any CPU.Build.0 = Release|Any CPU
		{5F1C02CD-4F09-4A14-8AA3-4090418F4417}.Debug|Any CPU.ActiveCfg = Debug|Any CPU
		{5F1C02CD-4F09-4A14-8AA3-4090418F4417}.Debug|Any CPU.Build.0 = Debug|Any CPU
		{5F1C02CD-4F09-4A14-8AA3-4090418F4417}.Release|Any CPU.ActiveCfg = Release|Any CPU
		{5F1C02CD-4F09-4A14-8AA3-4090418F4417}.Release|Any CPU.Build.0 = Release|Any CPU
		{D4F2F9D9-921B-4CF0-A9A4-3D5443092949}.Debug|Any CPU.ActiveCfg = Debug|Any CPU
		{D4F2F9D9-921B-4CF0-A9A4-3D5443092949}.Debug|Any CPU.Build.0 = Debug|Any CPU
		{D4F2F9D9-921B-4CF0-A9A4-3D5443092949}.Release|Any CPU.ActiveCfg = Release|Any CPU
		{D4F2F9D9-921B-4CF0-A9A4-3D5443092949}.Release|Any CPU.Build.0 = Release|Any CPU
		{2283B0BF-AC89-4E8D-8123-A835DA236F8D}.Debug|Any CPU.ActiveCfg = Debug|Any CPU
		{2283B0BF-AC89-4E8D-8123-A835DA236F8D}.Debug|Any CPU.Build.0 = Debug|Any CPU
		{2283B0BF-AC89-4E8D-8123-A835DA236F8D}.Release|Any CPU.ActiveCfg = Release|Any CPU
		{2283B0BF-AC89-4E8D-8123-A835DA236F8D}.Release|Any CPU.Build.0 = Release|Any CPU
		{2E565643-3CD2-431C-BDB7-3F8745FB04FD}.Debug|Any CPU.ActiveCfg = Debug|Any CPU
		{2E565643-3CD2-431C-BDB7-3F8745FB04FD}.Debug|Any CPU.Build.0 = Debug|Any CPU
		{2E565643-3CD2-431C-BDB7-3F8745FB04FD}.Release|Any CPU.ActiveCfg = Release|Any CPU
		{2E565643-3CD2-431C-BDB7-3F8745FB04FD}.Release|Any CPU.Build.0 = Release|Any CPU
		{0FC68CC5-90DE-434A-9304-0C75C4888528}.Debug|Any CPU.ActiveCfg = Debug|Any CPU
		{0FC68CC5-90DE-434A-9304-0C75C4888528}.Debug|Any CPU.Build.0 = Debug|Any CPU
		{0FC68CC5-90DE-434A-9304-0C75C4888528}.Release|Any CPU.ActiveCfg = Release|Any CPU
		{0FC68CC5-90DE-434A-9304-0C75C4888528}.Release|Any CPU.Build.0 = Release|Any CPU
		{B421B04A-142D-4C8F-8A59-49FA62AE7627}.Debug|Any CPU.ActiveCfg = Debug|Any CPU
		{B421B04A-142D-4C8F-8A59-49FA62AE7627}.Debug|Any CPU.Build.0 = Debug|Any CPU
		{B421B04A-142D-4C8F-8A59-49FA62AE7627}.Release|Any CPU.ActiveCfg = Release|Any CPU
		{B421B04A-142D-4C8F-8A59-49FA62AE7627}.Release|Any CPU.Build.0 = Release|Any CPU
		{4F298001-B3E4-4D5F-82CA-67FF0612481F}.Debug|Any CPU.ActiveCfg = Debug|Any CPU
		{4F298001-B3E4-4D5F-82CA-67FF0612481F}.Debug|Any CPU.Build.0 = Debug|Any CPU
		{4F298001-B3E4-4D5F-82CA-67FF0612481F}.Release|Any CPU.ActiveCfg = Release|Any CPU
		{4F298001-B3E4-4D5F-82CA-67FF0612481F}.Release|Any CPU.Build.0 = Release|Any CPU
		{DB684337-324A-407C-A627-806D5430249E}.Debug|Any CPU.ActiveCfg = Debug|Any CPU
		{DB684337-324A-407C-A627-806D5430249E}.Debug|Any CPU.Build.0 = Debug|Any CPU
		{DB684337-324A-407C-A627-806D5430249E}.Release|Any CPU.ActiveCfg = Release|Any CPU
		{DB684337-324A-407C-A627-806D5430249E}.Release|Any CPU.Build.0 = Release|Any CPU
		{28BF5FA6-CCF8-4E3F-8D54-9B49F6EA1A43}.Debug|Any CPU.ActiveCfg = Debug|Any CPU
		{28BF5FA6-CCF8-4E3F-8D54-9B49F6EA1A43}.Debug|Any CPU.Build.0 = Debug|Any CPU
		{28BF5FA6-CCF8-4E3F-8D54-9B49F6EA1A43}.Release|Any CPU.ActiveCfg = Release|Any CPU
		{28BF5FA6-CCF8-4E3F-8D54-9B49F6EA1A43}.Release|Any CPU.Build.0 = Release|Any CPU
		{5EA39AE8-E96C-45DA-A012-87EF06EC10AA}.Debug|Any CPU.ActiveCfg = Debug|Any CPU
		{5EA39AE8-E96C-45DA-A012-87EF06EC10AA}.Debug|Any CPU.Build.0 = Debug|Any CPU
		{5EA39AE8-E96C-45DA-A012-87EF06EC10AA}.Release|Any CPU.ActiveCfg = Release|Any CPU
		{5EA39AE8-E96C-45DA-A012-87EF06EC10AA}.Release|Any CPU.Build.0 = Release|Any CPU
		{FF37967B-F38F-4F17-9226-08710A0DCE7C}.Debug|Any CPU.ActiveCfg = Debug|Any CPU
		{FF37967B-F38F-4F17-9226-08710A0DCE7C}.Debug|Any CPU.Build.0 = Debug|Any CPU
		{FF37967B-F38F-4F17-9226-08710A0DCE7C}.Release|Any CPU.ActiveCfg = Release|Any CPU
		{FF37967B-F38F-4F17-9226-08710A0DCE7C}.Release|Any CPU.Build.0 = Release|Any CPU
		{BD92DEC3-2695-416C-9139-C2D7B5C6F76E}.Debug|Any CPU.ActiveCfg = Debug|Any CPU
		{BD92DEC3-2695-416C-9139-C2D7B5C6F76E}.Debug|Any CPU.Build.0 = Debug|Any CPU
		{BD92DEC3-2695-416C-9139-C2D7B5C6F76E}.Release|Any CPU.ActiveCfg = Release|Any CPU
		{BD92DEC3-2695-416C-9139-C2D7B5C6F76E}.Release|Any CPU.Build.0 = Release|Any CPU
		{7B2481A9-856F-453B-8BF3-FDA4C08AA634}.Debug|Any CPU.ActiveCfg = Debug|Any CPU
		{7B2481A9-856F-453B-8BF3-FDA4C08AA634}.Debug|Any CPU.Build.0 = Debug|Any CPU
		{7B2481A9-856F-453B-8BF3-FDA4C08AA634}.Release|Any CPU.ActiveCfg = Release|Any CPU
		{7B2481A9-856F-453B-8BF3-FDA4C08AA634}.Release|Any CPU.Build.0 = Release|Any CPU
		{05DBFFB4-FB02-431D-8370-B4414CD4B42E}.Debug|Any CPU.ActiveCfg = Debug|Any CPU
		{05DBFFB4-FB02-431D-8370-B4414CD4B42E}.Debug|Any CPU.Build.0 = Debug|Any CPU
		{05DBFFB4-FB02-431D-8370-B4414CD4B42E}.Release|Any CPU.ActiveCfg = Release|Any CPU
		{05DBFFB4-FB02-431D-8370-B4414CD4B42E}.Release|Any CPU.Build.0 = Release|Any CPU
	EndGlobalSection
	GlobalSection(SolutionProperties) = preSolution
		HideSolutionNode = FALSE
	EndGlobalSection
	GlobalSection(NestedProjects) = preSolution
		{D94E2CE9-93C4-45B5-B75D-A0CC35F0D086} = {0F0243F5-913C-46FE-BDB3-06EAD0BB314B}
		{2B1976A1-2FAB-423F-8B8A-67D3F26D2521} = {A4944781-B368-4E7E-9A1F-F1696AB8E9B4}
		{82D90C98-D385-4395-A709-0F544E0D36FB} = {F9B106D8-7716-4C40-844D-094E1D91B697}
		{1070086F-A4A9-41C4-958A-5CD7E0E0D91F} = {A4944781-B368-4E7E-9A1F-F1696AB8E9B4}
		{10F2710B-82FE-415F-AE9A-741678F8E550} = {40FAC87A-349A-47C0-9CC7-7C3A550F0A7B}
		{5F1C02CD-4F09-4A14-8AA3-4090418F4417} = {AF674978-2B8A-4397-B311-5FBFCEB1E975}
		{D4F2F9D9-921B-4CF0-A9A4-3D5443092949} = {AF674978-2B8A-4397-B311-5FBFCEB1E975}
		{2283B0BF-AC89-4E8D-8123-A835DA236F8D} = {A4944781-B368-4E7E-9A1F-F1696AB8E9B4}
		{2E565643-3CD2-431C-BDB7-3F8745FB04FD} = {707CC64F-0763-43C4-8BC7-D330C3F2C7D8}
		{A4944781-B368-4E7E-9A1F-F1696AB8E9B4} = {A08CBAED-B2EA-4C03-B4F3-40EB5C6AE851}
		{707CC64F-0763-43C4-8BC7-D330C3F2C7D8} = {A08CBAED-B2EA-4C03-B4F3-40EB5C6AE851}
		{0F0243F5-913C-46FE-BDB3-06EAD0BB314B} = {A08CBAED-B2EA-4C03-B4F3-40EB5C6AE851}
		{AF674978-2B8A-4397-B311-5FBFCEB1E975} = {D20874BB-ECF7-420F-8C67-315C11B0BF38}
		{1D2D2094-A264-4B77-9F1C-673A31FC01B4} = {D20874BB-ECF7-420F-8C67-315C11B0BF38}
		{0FC68CC5-90DE-434A-9304-0C75C4888528} = {1D2D2094-A264-4B77-9F1C-673A31FC01B4}
		{B421B04A-142D-4C8F-8A59-49FA62AE7627} = {1D2D2094-A264-4B77-9F1C-673A31FC01B4}
		{4F298001-B3E4-4D5F-82CA-67FF0612481F} = {0F0243F5-913C-46FE-BDB3-06EAD0BB314B}
		{DB684337-324A-407C-A627-806D5430249E} = {40FAC87A-349A-47C0-9CC7-7C3A550F0A7B}
		{28BF5FA6-CCF8-4E3F-8D54-9B49F6EA1A43} = {1D2D2094-A264-4B77-9F1C-673A31FC01B4}
		{40FAC87A-349A-47C0-9CC7-7C3A550F0A7B} = {D20874BB-ECF7-420F-8C67-315C11B0BF38}
		{5EA39AE8-E96C-45DA-A012-87EF06EC10AA} = {AF674978-2B8A-4397-B311-5FBFCEB1E975}
		{840DDFA6-AC27-4C8A-85A3-4370AA6A5205} = {D20874BB-ECF7-420F-8C67-315C11B0BF38}
		{FF37967B-F38F-4F17-9226-08710A0DCE7C} = {0F0243F5-913C-46FE-BDB3-06EAD0BB314B}
		{CDE4FFC7-D717-44EF-8036-523F624A17CB} = {A08CBAED-B2EA-4C03-B4F3-40EB5C6AE851}
		{C36D8F92-AC9B-4144-8D7A-FBFCDB9AC47D} = {D20874BB-ECF7-420F-8C67-315C11B0BF38}
		{BD92DEC3-2695-416C-9139-C2D7B5C6F76E} = {C36D8F92-AC9B-4144-8D7A-FBFCDB9AC47D}
		{7B2481A9-856F-453B-8BF3-FDA4C08AA634} = {C36D8F92-AC9B-4144-8D7A-FBFCDB9AC47D}
		{B9459BC9-1D89-4DAA-8D7D-DC78006A5050} = {D20874BB-ECF7-420F-8C67-315C11B0BF38}
		{05DBFFB4-FB02-431D-8370-B4414CD4B42E} = {B9459BC9-1D89-4DAA-8D7D-DC78006A5050}
	EndGlobalSection
	GlobalSection(ExtensibilityGlobals) = postSolution
		SolutionGuid = {3FC3562D-CA79-401A-850A-BFAF4B76B7D0}
	EndGlobalSection
EndGlobal
